// !$*UTF8*$!
{
	archiveVersion = 1;
	classes = {
	};
	objectVersion = 56;
	objects = {

/* Begin PBXBuildFile section */
		7024B9C428FA9874000CF27E /* FactionDetailView.swift in Sources */ = {isa = PBXBuildFile; fileRef = 7024B9C328FA9874000CF27E /* FactionDetailView.swift */; };
		7024B9C628FAA147000CF27E /* FactionDetail.swift in Sources */ = {isa = PBXBuildFile; fileRef = 7024B9C528FAA147000CF27E /* FactionDetail.swift */; };
		7024B9C828FAC5DC000CF27E /* DLCView.swift in Sources */ = {isa = PBXBuildFile; fileRef = 7024B9C728FAC5DC000CF27E /* DLCView.swift */; };
		7024B9CA28FADE6B000CF27E /* AboutView.swift in Sources */ = {isa = PBXBuildFile; fileRef = 7024B9C928FADE6B000CF27E /* AboutView.swift */; };
		7024B9CC28FAF1E5000CF27E /* GlitchTextView.swift in Sources */ = {isa = PBXBuildFile; fileRef = 7024B9CB28FAF1E5000CF27E /* GlitchTextView.swift */; };
		7024B9D128FBE80F000CF27E /* rimworld-trailer.mp4 in Resources */ = {isa = PBXBuildFile; fileRef = 7024B9D028FBE80F000CF27E /* rimworld-trailer.mp4 */; };
		7024B9D328FE7EF1000CF27E /* DLC.swift in Sources */ = {isa = PBXBuildFile; fileRef = 7024B9D228FE7EF1000CF27E /* DLC.swift */; };
		7024B9D528FE8C2F000CF27E /* DLCBlockView.swift in Sources */ = {isa = PBXBuildFile; fileRef = 7024B9D428FE8C2F000CF27E /* DLCBlockView.swift */; };
		70861F3A28F98C1D00FCDDBA /* HW2App.swift in Sources */ = {isa = PBXBuildFile; fileRef = 70861F3928F98C1D00FCDDBA /* HW2App.swift */; };
		70861F3C28F98C1D00FCDDBA /* ContentView.swift in Sources */ = {isa = PBXBuildFile; fileRef = 70861F3B28F98C1D00FCDDBA /* ContentView.swift */; };
		70861F3E28F98C1E00FCDDBA /* Assets.xcassets in Resources */ = {isa = PBXBuildFile; fileRef = 70861F3D28F98C1E00FCDDBA /* Assets.xcassets */; };
		70861F4128F98C1E00FCDDBA /* Preview Assets.xcassets in Resources */ = {isa = PBXBuildFile; fileRef = 70861F4028F98C1E00FCDDBA /* Preview Assets.xcassets */; };
		70861F4828F99B9100FCDDBA /* HomeView.swift in Sources */ = {isa = PBXBuildFile; fileRef = 70861F4728F99B9000FCDDBA /* HomeView.swift */; };
		70861F4A28F9A63400FCDDBA /* FactionView.swift in Sources */ = {isa = PBXBuildFile; fileRef = 70861F4928F9A63400FCDDBA /* FactionView.swift */; };
/* End PBXBuildFile section */

/* Begin PBXFileReference section */
		7024B9C328FA9874000CF27E /* FactionDetailView.swift */ = {isa = PBXFileReference; lastKnownFileType = sourcecode.swift; path = FactionDetailView.swift; sourceTree = "<group>"; };
		7024B9C528FAA147000CF27E /* FactionDetail.swift */ = {isa = PBXFileReference; lastKnownFileType = sourcecode.swift; path = FactionDetail.swift; sourceTree = "<group>"; };
		7024B9C728FAC5DC000CF27E /* DLCView.swift */ = {isa = PBXFileReference; lastKnownFileType = sourcecode.swift; path = DLCView.swift; sourceTree = "<group>"; };
		7024B9C928FADE6B000CF27E /* AboutView.swift */ = {isa = PBXFileReference; lastKnownFileType = sourcecode.swift; path = AboutView.swift; sourceTree = "<group>"; };
		7024B9CB28FAF1E5000CF27E /* GlitchTextView.swift */ = {isa = PBXFileReference; lastKnownFileType = sourcecode.swift; path = GlitchTextView.swift; sourceTree = "<group>"; };
		7024B9D028FBE80F000CF27E /* rimworld-trailer.mp4 */ = {isa = PBXFileReference; lastKnownFileType = file; name = "rimworld-trailer.mp4"; path = "../../../Downloads/rimworld-trailer.mp4"; sourceTree = "<group>"; };
		7024B9D228FE7EF1000CF27E /* DLC.swift */ = {isa = PBXFileReference; lastKnownFileType = sourcecode.swift; path = DLC.swift; sourceTree = "<group>"; };
		7024B9D428FE8C2F000CF27E /* DLCBlockView.swift */ = {isa = PBXFileReference; lastKnownFileType = sourcecode.swift; path = DLCBlockView.swift; sourceTree = "<group>"; };
		70861F3628F98C1D00FCDDBA /* HW2.app */ = {isa = PBXFileReference; explicitFileType = wrapper.application; includeInIndex = 0; path = HW2.app; sourceTree = BUILT_PRODUCTS_DIR; };
		70861F3928F98C1D00FCDDBA /* HW2App.swift */ = {isa = PBXFileReference; lastKnownFileType = sourcecode.swift; path = HW2App.swift; sourceTree = "<group>"; };
		70861F3B28F98C1D00FCDDBA /* ContentView.swift */ = {isa = PBXFileReference; lastKnownFileType = sourcecode.swift; path = ContentView.swift; sourceTree = "<group>"; };
		70861F3D28F98C1E00FCDDBA /* Assets.xcassets */ = {isa = PBXFileReference; lastKnownFileType = folder.assetcatalog; path = Assets.xcassets; sourceTree = "<group>"; };
		70861F4028F98C1E00FCDDBA /* Preview Assets.xcassets */ = {isa = PBXFileReference; lastKnownFileType = folder.assetcatalog; path = "Preview Assets.xcassets"; sourceTree = "<group>"; };
		70861F4728F99B9000FCDDBA /* HomeView.swift */ = {isa = PBXFileReference; lastKnownFileType = sourcecode.swift; path = HomeView.swift; sourceTree = "<group>"; };
		70861F4928F9A63400FCDDBA /* FactionView.swift */ = {isa = PBXFileReference; lastKnownFileType = sourcecode.swift; path = FactionView.swift; sourceTree = "<group>"; };
/* End PBXFileReference section */

/* Begin PBXFrameworksBuildPhase section */
		70861F3328F98C1D00FCDDBA /* Frameworks */ = {
			isa = PBXFrameworksBuildPhase;
			buildActionMask = 2147483647;
			files = (
			);
			runOnlyForDeploymentPostprocessing = 0;
		};
/* End PBXFrameworksBuildPhase section */

/* Begin PBXGroup section */
		70861F2D28F98C1D00FCDDBA = {
			isa = PBXGroup;
			children = (
				70861F3828F98C1D00FCDDBA /* HW2 */,
				70861F3728F98C1D00FCDDBA /* Products */,
			);
			sourceTree = "<group>";
		};
		70861F3728F98C1D00FCDDBA /* Products */ = {
			isa = PBXGroup;
			children = (
				70861F3628F98C1D00FCDDBA /* HW2.app */,
			);
			name = Products;
			sourceTree = "<group>";
		};
		70861F3828F98C1D00FCDDBA /* HW2 */ = {
			isa = PBXGroup;
			children = (
				7024B9D028FBE80F000CF27E /* rimworld-trailer.mp4 */,
				70861F3928F98C1D00FCDDBA /* HW2App.swift */,
				70861F3B28F98C1D00FCDDBA /* ContentView.swift */,
				7024B9C928FADE6B000CF27E /* AboutView.swift */,
				70861F4928F9A63400FCDDBA /* FactionView.swift */,
				7024B9C728FAC5DC000CF27E /* DLCView.swift */,
				7024B9D428FE8C2F000CF27E /* DLCBlockView.swift */,
				7024B9C328FA9874000CF27E /* FactionDetailView.swift */,
				7024B9C528FAA147000CF27E /* FactionDetail.swift */,
				7024B9D228FE7EF1000CF27E /* DLC.swift */,
				70861F4728F99B9000FCDDBA /* HomeView.swift */,
				7024B9CB28FAF1E5000CF27E /* GlitchTextView.swift */,
				70861F3D28F98C1E00FCDDBA /* Assets.xcassets */,
				70861F3F28F98C1E00FCDDBA /* Preview Content */,
			);
			path = HW2;
			sourceTree = "<group>";
		};
		70861F3F28F98C1E00FCDDBA /* Preview Content */ = {
			isa = PBXGroup;
			children = (
				70861F4028F98C1E00FCDDBA /* Preview Assets.xcassets */,
			);
			path = "Preview Content";
			sourceTree = "<group>";
		};
/* End PBXGroup section */

/* Begin PBXNativeTarget section */
		70861F3528F98C1D00FCDDBA /* HW2 */ = {
			isa = PBXNativeTarget;
			buildConfigurationList = 70861F4428F98C1E00FCDDBA /* Build configuration list for PBXNativeTarget "HW2" */;
			buildPhases = (
				70861F3228F98C1D00FCDDBA /* Sources */,
				70861F3328F98C1D00FCDDBA /* Frameworks */,
				70861F3428F98C1D00FCDDBA /* Resources */,
			);
			buildRules = (
			);
			dependencies = (
			);
			name = HW2;
			productName = HW2;
			productReference = 70861F3628F98C1D00FCDDBA /* HW2.app */;
			productType = "com.apple.product-type.application";
		};
/* End PBXNativeTarget section */

/* Begin PBXProject section */
		70861F2E28F98C1D00FCDDBA /* Project object */ = {
			isa = PBXProject;
			attributes = {
				BuildIndependentTargetsInParallel = 1;
				LastSwiftUpdateCheck = 1400;
				LastUpgradeCheck = 1400;
				TargetAttributes = {
					70861F3528F98C1D00FCDDBA = {
						CreatedOnToolsVersion = 14.0;
					};
				};
			};
			buildConfigurationList = 70861F3128F98C1D00FCDDBA /* Build configuration list for PBXProject "HW2" */;
			compatibilityVersion = "Xcode 14.0";
			developmentRegion = en;
			hasScannedForEncodings = 0;
			knownRegions = (
				en,
				Base,
			);
			mainGroup = 70861F2D28F98C1D00FCDDBA;
			productRefGroup = 70861F3728F98C1D00FCDDBA /* Products */;
			projectDirPath = "";
			projectRoot = "";
			targets = (
				70861F3528F98C1D00FCDDBA /* HW2 */,
			);
		};
/* End PBXProject section */

/* Begin PBXResourcesBuildPhase section */
		70861F3428F98C1D00FCDDBA /* Resources */ = {
			isa = PBXResourcesBuildPhase;
			buildActionMask = 2147483647;
			files = (
				70861F4128F98C1E00FCDDBA /* Preview Assets.xcassets in Resources */,
				70861F3E28F98C1E00FCDDBA /* Assets.xcassets in Resources */,
				7024B9D128FBE80F000CF27E /* rimworld-trailer.mp4 in Resources */,
			);
			runOnlyForDeploymentPostprocessing = 0;
		};
/* End PBXResourcesBuildPhase section */

/* Begin PBXSourcesBuildPhase section */
		70861F3228F98C1D00FCDDBA /* Sources */ = {
			isa = PBXSourcesBuildPhase;
			buildActionMask = 2147483647;
			files = (
				7024B9CA28FADE6B000CF27E /* AboutView.swift in Sources */,
				70861F4828F99B9100FCDDBA /* HomeView.swift in Sources */,
				7024B9C428FA9874000CF27E /* FactionDetailView.swift in Sources */,
				70861F3C28F98C1D00FCDDBA /* ContentView.swift in Sources */,
				70861F4A28F9A63400FCDDBA /* FactionView.swift in Sources */,
				70861F3A28F98C1D00FCDDBA /* HW2App.swift in Sources */,
				7024B9D528FE8C2F000CF27E /* DLCBlockView.swift in Sources */,
				7024B9CC28FAF1E5000CF27E /* GlitchTextView.swift in Sources */,
				7024B9C828FAC5DC000CF27E /* DLCView.swift in Sources */,
				7024B9C628FAA147000CF27E /* FactionDetail.swift in Sources */,
				7024B9D328FE7EF1000CF27E /* DLC.swift in Sources */,
			);
			runOnlyForDeploymentPostprocessing = 0;
		};
/* End PBXSourcesBuildPhase section */

/* Begin XCBuildConfiguration section */
		70861F4228F98C1E00FCDDBA /* Debug */ = {
			isa = XCBuildConfiguration;
			buildSettings = {
				ALWAYS_SEARCH_USER_PATHS = NO;
				CLANG_ANALYZER_NONNULL = YES;
				CLANG_ANALYZER_NUMBER_OBJECT_CONVERSION = YES_AGGRESSIVE;
				CLANG_CXX_LANGUAGE_STANDARD = "gnu++20";
				CLANG_ENABLE_MODULES = YES;
				CLANG_ENABLE_OBJC_ARC = YES;
				CLANG_ENABLE_OBJC_WEAK = YES;
				CLANG_WARN_BLOCK_CAPTURE_AUTORELEASING = YES;
				CLANG_WARN_BOOL_CONVERSION = YES;
				CLANG_WARN_COMMA = YES;
				CLANG_WARN_CONSTANT_CONVERSION = YES;
				CLANG_WARN_DEPRECATED_OBJC_IMPLEMENTATIONS = YES;
				CLANG_WARN_DIRECT_OBJC_ISA_USAGE = YES_ERROR;
				CLANG_WARN_DOCUMENTATION_COMMENTS = YES;
				CLANG_WARN_EMPTY_BODY = YES;
				CLANG_WARN_ENUM_CONVERSION = YES;
				CLANG_WARN_INFINITE_RECURSION = YES;
				CLANG_WARN_INT_CONVERSION = YES;
				CLANG_WARN_NON_LITERAL_NULL_CONVERSION = YES;
				CLANG_WARN_OBJC_IMPLICIT_RETAIN_SELF = YES;
				CLANG_WARN_OBJC_LITERAL_CONVERSION = YES;
				CLANG_WARN_OBJC_ROOT_CLASS = YES_ERROR;
				CLANG_WARN_QUOTED_INCLUDE_IN_FRAMEWORK_HEADER = YES;
				CLANG_WARN_RANGE_LOOP_ANALYSIS = YES;
				CLANG_WARN_STRICT_PROTOTYPES = YES;
				CLANG_WARN_SUSPICIOUS_MOVE = YES;
				CLANG_WARN_UNGUARDED_AVAILABILITY = YES_AGGRESSIVE;
				CLANG_WARN_UNREACHABLE_CODE = YES;
				CLANG_WARN__DUPLICATE_METHOD_MATCH = YES;
				COPY_PHASE_STRIP = NO;
				DEBUG_INFORMATION_FORMAT = dwarf;
				ENABLE_STRICT_OBJC_MSGSEND = YES;
				ENABLE_TESTABILITY = YES;
				GCC_C_LANGUAGE_STANDARD = gnu11;
				GCC_DYNAMIC_NO_PIC = NO;
				GCC_NO_COMMON_BLOCKS = YES;
				GCC_OPTIMIZATION_LEVEL = 0;
				GCC_PREPROCESSOR_DEFINITIONS = (
					"DEBUG=1",
					"$(inherited)",
				);
				GCC_WARN_64_TO_32_BIT_CONVERSION = YES;
				GCC_WARN_ABOUT_RETURN_TYPE = YES_ERROR;
				GCC_WARN_UNDECLARED_SELECTOR = YES;
				GCC_WARN_UNINITIALIZED_AUTOS = YES_AGGRESSIVE;
				GCC_WARN_UNUSED_FUNCTION = YES;
				GCC_WARN_UNUSED_VARIABLE = YES;
				IPHONEOS_DEPLOYMENT_TARGET = 16.0;
				MTL_ENABLE_DEBUG_INFO = INCLUDE_SOURCE;
				MTL_FAST_MATH = YES;
				ONLY_ACTIVE_ARCH = YES;
				SDKROOT = iphoneos;
				SWIFT_ACTIVE_COMPILATION_CONDITIONS = DEBUG;
				SWIFT_OPTIMIZATION_LEVEL = "-Onone";
			};
			name = Debug;
		};
		70861F4328F98C1E00FCDDBA /* Release */ = {
			isa = XCBuildConfiguration;
			buildSettings = {
				ALWAYS_SEARCH_USER_PATHS = NO;
				CLANG_ANALYZER_NONNULL = YES;
				CLANG_ANALYZER_NUMBER_OBJECT_CONVERSION = YES_AGGRESSIVE;
				CLANG_CXX_LANGUAGE_STANDARD = "gnu++20";
				CLANG_ENABLE_MODULES = YES;
				CLANG_ENABLE_OBJC_ARC = YES;
				CLANG_ENABLE_OBJC_WEAK = YES;
				CLANG_WARN_BLOCK_CAPTURE_AUTORELEASING = YES;
				CLANG_WARN_BOOL_CONVERSION = YES;
				CLANG_WARN_COMMA = YES;
				CLANG_WARN_CONSTANT_CONVERSION = YES;
				CLANG_WARN_DEPRECATED_OBJC_IMPLEMENTATIONS = YES;
				CLANG_WARN_DIRECT_OBJC_ISA_USAGE = YES_ERROR;
				CLANG_WARN_DOCUMENTATION_COMMENTS = YES;
				CLANG_WARN_EMPTY_BODY = YES;
				CLANG_WARN_ENUM_CONVERSION = YES;
				CLANG_WARN_INFINITE_RECURSION = YES;
				CLANG_WARN_INT_CONVERSION = YES;
				CLANG_WARN_NON_LITERAL_NULL_CONVERSION = YES;
				CLANG_WARN_OBJC_IMPLICIT_RETAIN_SELF = YES;
				CLANG_WARN_OBJC_LITERAL_CONVERSION = YES;
				CLANG_WARN_OBJC_ROOT_CLASS = YES_ERROR;
				CLANG_WARN_QUOTED_INCLUDE_IN_FRAMEWORK_HEADER = YES;
				CLANG_WARN_RANGE_LOOP_ANALYSIS = YES;
				CLANG_WARN_STRICT_PROTOTYPES = YES;
				CLANG_WARN_SUSPICIOUS_MOVE = YES;
				CLANG_WARN_UNGUARDED_AVAILABILITY = YES_AGGRESSIVE;
				CLANG_WARN_UNREACHABLE_CODE = YES;
				CLANG_WARN__DUPLICATE_METHOD_MATCH = YES;
				COPY_PHASE_STRIP = NO;
				DEBUG_INFORMATION_FORMAT = "dwarf-with-dsym";
				ENABLE_NS_ASSERTIONS = NO;
				ENABLE_STRICT_OBJC_MSGSEND = YES;
				GCC_C_LANGUAGE_STANDARD = gnu11;
				GCC_NO_COMMON_BLOCKS = YES;
				GCC_WARN_64_TO_32_BIT_CONVERSION = YES;
				GCC_WARN_ABOUT_RETURN_TYPE = YES_ERROR;
				GCC_WARN_UNDECLARED_SELECTOR = YES;
				GCC_WARN_UNINITIALIZED_AUTOS = YES_AGGRESSIVE;
				GCC_WARN_UNUSED_FUNCTION = YES;
				GCC_WARN_UNUSED_VARIABLE = YES;
				IPHONEOS_DEPLOYMENT_TARGET = 16.0;
				MTL_ENABLE_DEBUG_INFO = NO;
				MTL_FAST_MATH = YES;
				SDKROOT = iphoneos;
				SWIFT_COMPILATION_MODE = wholemodule;
				SWIFT_OPTIMIZATION_LEVEL = "-O";
				VALIDATE_PRODUCT = YES;
			};
			name = Release;
		};
		70861F4528F98C1E00FCDDBA /* Debug */ = {
			isa = XCBuildConfiguration;
			buildSettings = {
				ASSETCATALOG_COMPILER_APPICON_NAME = AppIcon;
				ASSETCATALOG_COMPILER_GLOBAL_ACCENT_COLOR_NAME = AccentColor;
				CODE_SIGN_STYLE = Automatic;
				CURRENT_PROJECT_VERSION = 1;
				DEVELOPMENT_ASSET_PATHS = "\"HW2/Preview Content\"";
				ENABLE_PREVIEWS = YES;
				GENERATE_INFOPLIST_FILE = YES;
				INFOPLIST_KEY_UIApplicationSceneManifest_Generation = YES;
				INFOPLIST_KEY_UIApplicationSupportsIndirectInputEvents = YES;
				INFOPLIST_KEY_UILaunchScreen_Generation = YES;
				INFOPLIST_KEY_UISupportedInterfaceOrientations_iPad = "UIInterfaceOrientationPortrait UIInterfaceOrientationPortraitUpsideDown UIInterfaceOrientationLandscapeLeft UIInterfaceOrientationLandscapeRight";
				INFOPLIST_KEY_UISupportedInterfaceOrientations_iPhone = "UIInterfaceOrientationPortrait UIInterfaceOrientationLandscapeLeft UIInterfaceOrientationLandscapeRight";
				LD_RUNPATH_SEARCH_PATHS = (
					"$(inherited)",
					"@executable_path/Frameworks",
				);
				MARKETING_VERSION = 1.0;
				PRODUCT_BUNDLE_IDENTIFIER = roykesydone.HW2;
				PRODUCT_NAME = "$(TARGET_NAME)";
				SWIFT_EMIT_LOC_STRINGS = YES;
				SWIFT_VERSION = 5.0;
				TARGETED_DEVICE_FAMILY = "1,2";
			};
			name = Debug;
		};
		70861F4628F98C1E00FCDDBA /* Release */ = {
			isa = XCBuildConfiguration;
			buildSettings = {
				ASSETCATALOG_COMPILER_APPICON_NAME = AppIcon;
				ASSETCATALOG_COMPILER_GLOBAL_ACCENT_COLOR_NAME = AccentColor;
				CODE_SIGN_STYLE = Automatic;
				CURRENT_PROJECT_VERSION = 1;
				DEVELOPMENT_ASSET_PATHS = "\"HW2/Preview Content\"";
				ENABLE_PREVIEWS = YES;
				GENERATE_INFOPLIST_FILE = YES;
				INFOPLIST_KEY_UIApplicationSceneManifest_Generation = YES;
				INFOPLIST_KEY_UIApplicationSupportsIndirectInputEvents = YES;
				INFOPLIST_KEY_UILaunchScreen_Generation = YES;
				INFOPLIST_KEY_UISupportedInterfaceOrientations_iPad = "UIInterfaceOrientationPortrait UIInterfaceOrientationPortraitUpsideDown UIInterfaceOrientationLandscapeLeft UIInterfaceOrientationLandscapeRight";
				INFOPLIST_KEY_UISupportedInterfaceOrientations_iPhone = "UIInterfaceOrientationPortrait UIInterfaceOrientationLandscapeLeft UIInterfaceOrientationLandscapeRight";
				LD_RUNPATH_SEARCH_PATHS = (
					"$(inherited)",
					"@executable_path/Frameworks",
				);
				MARKETING_VERSION = 1.0;
				PRODUCT_BUNDLE_IDENTIFIER = roykesydone.HW2;
				PRODUCT_NAME = "$(TARGET_NAME)";
				SWIFT_EMIT_LOC_STRINGS = YES;
				SWIFT_VERSION = 5.0;
				TARGETED_DEVICE_FAMILY = "1,2";
			};
			name = Release;
		};
/* End XCBuildConfiguration section */

/* Begin XCConfigurationList section */
		70861F3128F98C1D00FCDDBA /* Build configuration list for PBXProject "HW2" */ = {
			isa = XCConfigurationList;
			buildConfigurations = (
				70861F4228F98C1E00FCDDBA /* Debug */,
				70861F4328F98C1E00FCDDBA /* Release */,
			);
			defaultConfigurationIsVisible = 0;
			defaultConfigurationName = Release;
		};
		70861F4428F98C1E00FCDDBA /* Build configuration list for PBXNativeTarget "HW2" */ = {
			isa = XCConfigurationList;
			buildConfigurations = (
				70861F4528F98C1E00FCDDBA /* Debug */,
				70861F4628F98C1E00FCDDBA /* Release */,
			);
			defaultConfigurationIsVisible = 0;
			defaultConfigurationName = Release;
		};
/* End XCConfigurationList section */
	};
	rootObject = 70861F2E28F98C1D00FCDDBA /* Project object */;
}
